
Microsoft Visual Studio Solution File, Format Version 12.00
# Visual Studio Version 17
VisualStudioVersion = 17.1.32228.430
MinimumVisualStudioVersion = 10.0.40219.1
Project("{9A19103F-16F7-4668-BE54-9A1E7A4F7556}") = "CreateButton", "CreateButton\CreateButton.csproj", "{79768F57-51D9-4BA0-9DD3-88DC8C13D00D}"
EndProject
Project("{FAE04EC0-301F-11D3-BF4B-00C04F79EFBC}") = "CreateTextbox", "CreateTextbox\CreateTextbox.csproj", "{DA484CB7-54B0-43FF-8F40-4D559E64C5F5}"
EndProject
Global
	GlobalSection(SolutionConfigurationPlatforms) = preSolution
		Debug|Any CPU = Debug|Any CPU
		Release|Any CPU = Release|Any CPU
	EndGlobalSection
	GlobalSection(ProjectConfigurationPlatforms) = postSolution
		{79768F57-51D9-4BA0-9DD3-88DC8C13D00D}.Debug|Any CPU.ActiveCfg = Debug|Any CPU
		{79768F57-51D9-4BA0-9DD3-88DC8C13D00D}.Debug|Any CPU.Build.0 = Debug|Any CPU
		{79768F57-51D9-4BA0-9DD3-88DC8C13D00D}.Release|Any CPU.ActiveCfg = Release|Any CPU
		{79768F57-51D9-4BA0-9DD3-88DC8C13D00D}.Release|Any CPU.Build.0 = Release|Any CPU
		{DA484CB7-54B0-43FF-8F40-4D559E64C5F5}.Debug|Any CPU.ActiveCfg = Debug|Any CPU
		{DA484CB7-54B0-43FF-8F40-4D559E64C5F5}.Debug|Any CPU.Build.0 = Debug|Any CPU
		{DA484CB7-54B0-43FF-8F40-4D559E64C5F5}.Release|Any CPU.ActiveCfg = Release|Any CPU
		{DA484CB7-54B0-43FF-8F40-4D559E64C5F5}.Release|Any CPU.Build.0 = Release|Any CPU
	EndGlobalSection
	GlobalSection(SolutionProperties) = preSolution
		HideSolutionNode = FALSE
	EndGlobalSection
	GlobalSection(ExtensibilityGlobals) = postSolution
		SolutionGuid = {742CC636-72C6-4163-BADB-21FD0D1623A2}
	EndGlobalSection
EndGlobal
